
Microsoft Visual Studio Solution File, Format Version 12.00
# Visual Studio 14
VisualStudioVersion = 14.0.25420.1
MinimumVisualStudioVersion = 10.0.40219.1
Project("{FAE04EC0-301F-11D3-BF4B-00C04F79EFBC}") = "SchoolTimer", "SchoolTimer\SchoolTimer.csproj", "{E366D117-CFC6-45CD-A95B-85CAA7DC1BB0}"
EndProject
Global
	GlobalSection(SolutionConfigurationPlatforms) = preSolution
		Debug|Any CPU = Debug|Any CPU
		Release|Any CPU = Release|Any CPU
	EndGlobalSection
	GlobalSection(ProjectConfigurationPlatforms) = postSolution
		{E366D117-CFC6-45CD-A95B-85CAA7DC1BB0}.Debug|Any CPU.ActiveCfg = Debug|Any CPU
		{E366D117-CFC6-45CD-A95B-85CAA7DC1BB0}.Debug|Any CPU.Build.0 = Debug|Any CPU
		{E366D117-CFC6-45CD-A95B-85CAA7DC1BB0}.Release|Any CPU.ActiveCfg = Release|Any CPU
		{E366D117-CFC6-45CD-A95B-85CAA7DC1BB0}.Release|Any CPU.Build.0 = Release|Any CPU
	EndGlobalSection
	GlobalSection(SolutionProperties) = preSolution
		HideSolutionNode = FALSE
	EndGlobalSection
EndGlobal
